{
  "name": "monochrome-playlist-downloader",
  "version": "0.1.0",
  "lockfileVersion": 2,
  "requires": true,
  "packages": {
    "": {
      "name": "monochrome-playlist-downloader",
      "version": "0.1.0",
      "license": "Apache-2.0",
      "bin": {
        "monochrome-playlist-downloader": "index.mjs"
      },
      "engines": {
        "bun": ">=1"
      }
    }
  }
}
